
Microsoft Visual Studio Solution File, Format Version 12.00
# Visual Studio Version 17
VisualStudioVersion = 17.2.32602.215
MinimumVisualStudioVersion = 10.0.40219.1
Project("{9A19103F-16F7-4668-BE54-9A1E7A4F7556}") = "CoreWebApi", "CoreWebApi\CoreWebApi.csproj", "{BC876389-C8FC-44CD-979C-9A0DE6A65653}"
EndProject
Project("{9A19103F-16F7-4668-BE54-9A1E7A4F7556}") = "Public", "Public\Public.csproj", "{EEF7AFF8-3B43-49DD-916C-DE31BE438ABB}"
EndProject
Project("{2150E333-8FDC-42A3-9474-1A3956D46DE8}") = "Client", "Client", "{81EAAD9E-0208-4A06-AC0D-AADEF023F2BE}"
EndProject
Project("{2150E333-8FDC-42A3-9474-1A3956D46DE8}") = "Module", "Module", "{6DF232A9-32F3-4F9B-A9A5-4493B8FE90EE}"
EndProject
Project("{2150E333-8FDC-42A3-9474-1A3956D46DE8}") = "Controls", "Controls", "{6BE93FCB-DDB6-4212-BDAD-457A89B4A28A}"
EndProject
Project("{FAE04EC0-301F-11D3-BF4B-00C04F79EFBC}") = "MainClient", "MainClient\MainClient.csproj", "{FB96C4C6-5367-409C-8912-DE08457F7A39}"
EndProject
Global
	GlobalSection(SolutionConfigurationPlatforms) = preSolution
		Debug|Any CPU = Debug|Any CPU
		Debug|ARM = Debug|ARM
		Debug|ARM64 = Debug|ARM64
		Debug|x64 = Debug|x64
		Debug|x86 = Debug|x86
		Release|Any CPU = Release|Any CPU
		Release|ARM = Release|ARM
		Release|ARM64 = Release|ARM64
		Release|x64 = Release|x64
		Release|x86 = Release|x86
	EndGlobalSection
	GlobalSection(ProjectConfigurationPlatforms) = postSolution
		{BC876389-C8FC-44CD-979C-9A0DE6A65653}.Debug|Any CPU.ActiveCfg = Debug|Any CPU
		{BC876389-C8FC-44CD-979C-9A0DE6A65653}.Debug|Any CPU.Build.0 = Debug|Any CPU
		{BC876389-C8FC-44CD-979C-9A0DE6A65653}.Debug|ARM.ActiveCfg = Debug|Any CPU
		{BC876389-C8FC-44CD-979C-9A0DE6A65653}.Debug|ARM.Build.0 = Debug|Any CPU
		{BC876389-C8FC-44CD-979C-9A0DE6A65653}.Debug|ARM64.ActiveCfg = Debug|Any CPU
		{BC876389-C8FC-44CD-979C-9A0DE6A65653}.Debug|ARM64.Build.0 = Debug|Any CPU
		{BC876389-C8FC-44CD-979C-9A0DE6A65653}.Debug|x64.ActiveCfg = Debug|Any CPU
		{BC876389-C8FC-44CD-979C-9A0DE6A65653}.Debug|x64.Build.0 = Debug|Any CPU
		{BC876389-C8FC-44CD-979C-9A0DE6A65653}.Debug|x86.ActiveCfg = Debug|Any CPU
		{BC876389-C8FC-44CD-979C-9A0DE6A65653}.Debug|x86.Build.0 = Debug|Any CPU
		{BC876389-C8FC-44CD-979C-9A0DE6A65653}.Release|Any CPU.ActiveCfg = Release|Any CPU
		{BC876389-C8FC-44CD-979C-9A0DE6A65653}.Release|Any CPU.Build.0 = Release|Any CPU
		{BC876389-C8FC-44CD-979C-9A0DE6A65653}.Release|ARM.ActiveCfg = Release|Any CPU
		{BC876389-C8FC-44CD-979C-9A0DE6A65653}.Release|ARM.Build.0 = Release|Any CPU
		{BC876389-C8FC-44CD-979C-9A0DE6A65653}.Release|ARM64.ActiveCfg = Release|Any CPU
		{BC876389-C8FC-44CD-979C-9A0DE6A65653}.Release|ARM64.Build.0 = Release|Any CPU
		{BC876389-C8FC-44CD-979C-9A0DE6A65653}.Release|x64.ActiveCfg = Release|Any CPU
		{BC876389-C8FC-44CD-979C-9A0DE6A65653}.Release|x64.Build.0 = Release|Any CPU
		{BC876389-C8FC-44CD-979C-9A0DE6A65653}.Release|x86.ActiveCfg = Release|Any CPU
		{BC876389-C8FC-44CD-979C-9A0DE6A65653}.Release|x86.Build.0 = Release|Any CPU
		{EEF7AFF8-3B43-49DD-916C-DE31BE438ABB}.Debug|Any CPU.ActiveCfg = Debug|Any CPU
		{EEF7AFF8-3B43-49DD-916C-DE31BE438ABB}.Debug|Any CPU.Build.0 = Debug|Any CPU
		{EEF7AFF8-3B43-49DD-916C-DE31BE438ABB}.Debug|ARM.ActiveCfg = Debug|Any CPU
		{EEF7AFF8-3B43-49DD-916C-DE31BE438ABB}.Debug|ARM.Build.0 = Debug|Any CPU
		{EEF7AFF8-3B43-49DD-916C-DE31BE438ABB}.Debug|ARM64.ActiveCfg = Debug|Any CPU
		{EEF7AFF8-3B43-49DD-916C-DE31BE438ABB}.Debug|ARM64.Build.0 = Debug|Any CPU
		{EEF7AFF8-3B43-49DD-916C-DE31BE438ABB}.Debug|x64.ActiveCfg = Debug|Any CPU
		{EEF7AFF8-3B43-49DD-916C-DE31BE438ABB}.Debug|x64.Build.0 = Debug|Any CPU
		{EEF7AFF8-3B43-49DD-916C-DE31BE438ABB}.Debug|x86.ActiveCfg = Debug|Any CPU
		{EEF7AFF8-3B43-49DD-916C-DE31BE438ABB}.Debug|x86.Build.0 = Debug|Any CPU
		{EEF7AFF8-3B43-49DD-916C-DE31BE438ABB}.Release|Any CPU.ActiveCfg = Release|Any CPU
		{EEF7AFF8-3B43-49DD-916C-DE31BE438ABB}.Release|Any CPU.Build.0 = Release|Any CPU
		{EEF7AFF8-3B43-49DD-916C-DE31BE438ABB}.Release|ARM.ActiveCfg = Release|Any CPU
		{EEF7AFF8-3B43-49DD-916C-DE31BE438ABB}.Release|ARM.Build.0 = Release|Any CPU
		{EEF7AFF8-3B43-49DD-916C-DE31BE438ABB}.Release|ARM64.ActiveCfg = Release|Any CPU
		{EEF7AFF8-3B43-49DD-916C-DE31BE438ABB}.Release|ARM64.Build.0 = Release|Any CPU
		{EEF7AFF8-3B43-49DD-916C-DE31BE438ABB}.Release|x64.ActiveCfg = Release|Any CPU
		{EEF7AFF8-3B43-49DD-916C-DE31BE438ABB}.Release|x64.Build.0 = Release|Any CPU
		{EEF7AFF8-3B43-49DD-916C-DE31BE438ABB}.Release|x86.ActiveCfg = Release|Any CPU
		{EEF7AFF8-3B43-49DD-916C-DE31BE438ABB}.Release|x86.Build.0 = Release|Any CPU
		{FB96C4C6-5367-409C-8912-DE08457F7A39}.Debug|Any CPU.ActiveCfg = Debug|x64
		{FB96C4C6-5367-409C-8912-DE08457F7A39}.Debug|Any CPU.Build.0 = Debug|x64
		{FB96C4C6-5367-409C-8912-DE08457F7A39}.Debug|Any CPU.Deploy.0 = Debug|x64
		{FB96C4C6-5367-409C-8912-DE08457F7A39}.Debug|ARM.ActiveCfg = Debug|ARM
		{FB96C4C6-5367-409C-8912-DE08457F7A39}.Debug|ARM.Build.0 = Debug|ARM
		{FB96C4C6-5367-409C-8912-DE08457F7A39}.Debug|ARM.Deploy.0 = Debug|ARM
		{FB96C4C6-5367-409C-8912-DE08457F7A39}.Debug|ARM64.ActiveCfg = Debug|ARM64
		{FB96C4C6-5367-409C-8912-DE08457F7A39}.Debug|ARM64.Build.0 = Debug|ARM64
		{FB96C4C6-5367-409C-8912-DE08457F7A39}.Debug|ARM64.Deploy.0 = Debug|ARM64
		{FB96C4C6-5367-409C-8912-DE08457F7A39}.Debug|x64.ActiveCfg = Debug|x64
		{FB96C4C6-5367-409C-8912-DE08457F7A39}.Debug|x64.Build.0 = Debug|x64
		{FB96C4C6-5367-409C-8912-DE08457F7A39}.Debug|x64.Deploy.0 = Debug|x64
		{FB96C4C6-5367-409C-8912-DE08457F7A39}.Debug|x86.ActiveCfg = Debug|x86
		{FB96C4C6-5367-409C-8912-DE08457F7A39}.Debug|x86.Build.0 = Debug|x86
		{FB96C4C6-5367-409C-8912-DE08457F7A39}.Debug|x86.Deploy.0 = Debug|x86
		{FB96C4C6-5367-409C-8912-DE08457F7A39}.Release|Any CPU.ActiveCfg = Release|x64
		{FB96C4C6-5367-409C-8912-DE08457F7A39}.Release|Any CPU.Build.0 = Release|x64
		{FB96C4C6-5367-409C-8912-DE08457F7A39}.Release|Any CPU.Deploy.0 = Release|x64
		{FB96C4C6-5367-409C-8912-DE08457F7A39}.Release|ARM.ActiveCfg = Release|ARM
		{FB96C4C6-5367-409C-8912-DE08457F7A39}.Release|ARM.Build.0 = Release|ARM
		{FB96C4C6-5367-409C-8912-DE08457F7A39}.Release|ARM.Deploy.0 = Release|ARM
		{FB96C4C6-5367-409C-8912-DE08457F7A39}.Release|ARM64.ActiveCfg = Release|ARM64
		{FB96C4C6-5367-409C-8912-DE08457F7A39}.Release|ARM64.Build.0 = Release|ARM64
		{FB96C4C6-5367-409C-8912-DE08457F7A39}.Release|ARM64.Deploy.0 = Release|ARM64
		{FB96C4C6-5367-409C-8912-DE08457F7A39}.Release|x64.ActiveCfg = Release|x64
		{FB96C4C6-5367-409C-8912-DE08457F7A39}.Release|x64.Build.0 = Release|x64
		{FB96C4C6-5367-409C-8912-DE08457F7A39}.Release|x64.Deploy.0 = Release|x64
		{FB96C4C6-5367-409C-8912-DE08457F7A39}.Release|x86.ActiveCfg = Release|x86
		{FB96C4C6-5367-409C-8912-DE08457F7A39}.Release|x86.Build.0 = Release|x86
		{FB96C4C6-5367-409C-8912-DE08457F7A39}.Release|x86.Deploy.0 = Release|x86
	EndGlobalSection
	GlobalSection(SolutionProperties) = preSolution
		HideSolutionNode = FALSE
	EndGlobalSection
	GlobalSection(NestedProjects) = preSolution
		{6DF232A9-32F3-4F9B-A9A5-4493B8FE90EE} = {81EAAD9E-0208-4A06-AC0D-AADEF023F2BE}
		{6BE93FCB-DDB6-4212-BDAD-457A89B4A28A} = {81EAAD9E-0208-4A06-AC0D-AADEF023F2BE}
		{FB96C4C6-5367-409C-8912-DE08457F7A39} = {81EAAD9E-0208-4A06-AC0D-AADEF023F2BE}
	EndGlobalSection
	GlobalSection(ExtensibilityGlobals) = postSolution
		SolutionGuid = {DAF76A3F-C8E1-4CC1-8183-25D280A8F31C}
	EndGlobalSection
EndGlobal
