
Microsoft Visual Studio Solution File, Format Version 12.00
# Visual Studio Version 16
VisualStudioVersion = 16.0.32929.386
MinimumVisualStudioVersion = 10.0.40219.1
Project("{9A19103F-16F7-4668-BE54-9A1E7A4F7556}") = "CoreWebApi", "CoreWebApi\CoreWebApi.csproj", "{BC876389-C8FC-44CD-979C-9A0DE6A65653}"
EndProject
Project("{9A19103F-16F7-4668-BE54-9A1E7A4F7556}") = "Public", "Public\Public.csproj", "{EEF7AFF8-3B43-49DD-916C-DE31BE438ABB}"
EndProject
Project("{9A19103F-16F7-4668-BE54-9A1E7A4F7556}") = "Logs", "Logs\Logs.csproj", "{EF509459-73F3-4629-833D-A5F23B7666DF}"
EndProject
Project("{9A19103F-16F7-4668-BE54-9A1E7A4F7556}") = "StandardLibrary", "StandardLibrary\StandardLibrary.csproj", "{C5210F17-E22B-46F9-A39C-63EC060BB00F}"
EndProject
Project("{9A19103F-16F7-4668-BE54-9A1E7A4F7556}") = "CoreLibrary", "CoreLibrary\CoreLibrary.csproj", "{3F222866-05AB-4088-983E-340B8434715F}"
EndProject
Project("{2150E333-8FDC-42A3-9474-1A3956D46DE8}") = "Library", "Library", "{3FF79F63-47EC-4290-8B75-345C6F713354}"
EndProject
Project("{9A19103F-16F7-4668-BE54-9A1E7A4F7556}") = "Resource", "Resource\Resource.csproj", "{ABFB1AE0-3EAC-45DF-8EA8-79E1B0625DD0}"
EndProject
Global
	GlobalSection(SolutionConfigurationPlatforms) = preSolution
		Debug|Any CPU = Debug|Any CPU
		Debug|ARM = Debug|ARM
		Debug|ARM64 = Debug|ARM64
		Debug|x64 = Debug|x64
		Debug|x86 = Debug|x86
		Release|Any CPU = Release|Any CPU
		Release|ARM = Release|ARM
		Release|ARM64 = Release|ARM64
		Release|x64 = Release|x64
		Release|x86 = Release|x86
	EndGlobalSection
	GlobalSection(ProjectConfigurationPlatforms) = postSolution
		{BC876389-C8FC-44CD-979C-9A0DE6A65653}.Debug|Any CPU.ActiveCfg = Debug|Any CPU
		{BC876389-C8FC-44CD-979C-9A0DE6A65653}.Debug|Any CPU.Build.0 = Debug|Any CPU
		{BC876389-C8FC-44CD-979C-9A0DE6A65653}.Debug|ARM.ActiveCfg = Debug|Any CPU
		{BC876389-C8FC-44CD-979C-9A0DE6A65653}.Debug|ARM.Build.0 = Debug|Any CPU
		{BC876389-C8FC-44CD-979C-9A0DE6A65653}.Debug|ARM64.ActiveCfg = Debug|Any CPU
		{BC876389-C8FC-44CD-979C-9A0DE6A65653}.Debug|ARM64.Build.0 = Debug|Any CPU
		{BC876389-C8FC-44CD-979C-9A0DE6A65653}.Debug|x64.ActiveCfg = Debug|Any CPU
		{BC876389-C8FC-44CD-979C-9A0DE6A65653}.Debug|x64.Build.0 = Debug|Any CPU
		{BC876389-C8FC-44CD-979C-9A0DE6A65653}.Debug|x86.ActiveCfg = Debug|Any CPU
		{BC876389-C8FC-44CD-979C-9A0DE6A65653}.Debug|x86.Build.0 = Debug|Any CPU
		{BC876389-C8FC-44CD-979C-9A0DE6A65653}.Release|Any CPU.ActiveCfg = Release|Any CPU
		{BC876389-C8FC-44CD-979C-9A0DE6A65653}.Release|Any CPU.Build.0 = Release|Any CPU
		{BC876389-C8FC-44CD-979C-9A0DE6A65653}.Release|ARM.ActiveCfg = Release|Any CPU
		{BC876389-C8FC-44CD-979C-9A0DE6A65653}.Release|ARM.Build.0 = Release|Any CPU
		{BC876389-C8FC-44CD-979C-9A0DE6A65653}.Release|ARM64.ActiveCfg = Release|Any CPU
		{BC876389-C8FC-44CD-979C-9A0DE6A65653}.Release|ARM64.Build.0 = Release|Any CPU
		{BC876389-C8FC-44CD-979C-9A0DE6A65653}.Release|x64.ActiveCfg = Release|Any CPU
		{BC876389-C8FC-44CD-979C-9A0DE6A65653}.Release|x64.Build.0 = Release|Any CPU
		{BC876389-C8FC-44CD-979C-9A0DE6A65653}.Release|x86.ActiveCfg = Release|Any CPU
		{BC876389-C8FC-44CD-979C-9A0DE6A65653}.Release|x86.Build.0 = Release|Any CPU
		{EEF7AFF8-3B43-49DD-916C-DE31BE438ABB}.Debug|Any CPU.ActiveCfg = Debug|Any CPU
		{EEF7AFF8-3B43-49DD-916C-DE31BE438ABB}.Debug|Any CPU.Build.0 = Debug|Any CPU
		{EEF7AFF8-3B43-49DD-916C-DE31BE438ABB}.Debug|ARM.ActiveCfg = Debug|Any CPU
		{EEF7AFF8-3B43-49DD-916C-DE31BE438ABB}.Debug|ARM.Build.0 = Debug|Any CPU
		{EEF7AFF8-3B43-49DD-916C-DE31BE438ABB}.Debug|ARM64.ActiveCfg = Debug|Any CPU
		{EEF7AFF8-3B43-49DD-916C-DE31BE438ABB}.Debug|ARM64.Build.0 = Debug|Any CPU
		{EEF7AFF8-3B43-49DD-916C-DE31BE438ABB}.Debug|x64.ActiveCfg = Debug|Any CPU
		{EEF7AFF8-3B43-49DD-916C-DE31BE438ABB}.Debug|x64.Build.0 = Debug|Any CPU
		{EEF7AFF8-3B43-49DD-916C-DE31BE438ABB}.Debug|x86.ActiveCfg = Debug|Any CPU
		{EEF7AFF8-3B43-49DD-916C-DE31BE438ABB}.Debug|x86.Build.0 = Debug|Any CPU
		{EEF7AFF8-3B43-49DD-916C-DE31BE438ABB}.Release|Any CPU.ActiveCfg = Release|Any CPU
		{EEF7AFF8-3B43-49DD-916C-DE31BE438ABB}.Release|Any CPU.Build.0 = Release|Any CPU
		{EEF7AFF8-3B43-49DD-916C-DE31BE438ABB}.Release|ARM.ActiveCfg = Release|Any CPU
		{EEF7AFF8-3B43-49DD-916C-DE31BE438ABB}.Release|ARM.Build.0 = Release|Any CPU
		{EEF7AFF8-3B43-49DD-916C-DE31BE438ABB}.Release|ARM64.ActiveCfg = Release|Any CPU
		{EEF7AFF8-3B43-49DD-916C-DE31BE438ABB}.Release|ARM64.Build.0 = Release|Any CPU
		{EEF7AFF8-3B43-49DD-916C-DE31BE438ABB}.Release|x64.ActiveCfg = Release|Any CPU
		{EEF7AFF8-3B43-49DD-916C-DE31BE438ABB}.Release|x64.Build.0 = Release|Any CPU
		{EEF7AFF8-3B43-49DD-916C-DE31BE438ABB}.Release|x86.ActiveCfg = Release|Any CPU
		{EEF7AFF8-3B43-49DD-916C-DE31BE438ABB}.Release|x86.Build.0 = Release|Any CPU
		{EF509459-73F3-4629-833D-A5F23B7666DF}.Debug|Any CPU.ActiveCfg = Debug|Any CPU
		{EF509459-73F3-4629-833D-A5F23B7666DF}.Debug|Any CPU.Build.0 = Debug|Any CPU
		{EF509459-73F3-4629-833D-A5F23B7666DF}.Debug|ARM.ActiveCfg = Debug|Any CPU
		{EF509459-73F3-4629-833D-A5F23B7666DF}.Debug|ARM.Build.0 = Debug|Any CPU
		{EF509459-73F3-4629-833D-A5F23B7666DF}.Debug|ARM64.ActiveCfg = Debug|Any CPU
		{EF509459-73F3-4629-833D-A5F23B7666DF}.Debug|ARM64.Build.0 = Debug|Any CPU
		{EF509459-73F3-4629-833D-A5F23B7666DF}.Debug|x64.ActiveCfg = Debug|Any CPU
		{EF509459-73F3-4629-833D-A5F23B7666DF}.Debug|x64.Build.0 = Debug|Any CPU
		{EF509459-73F3-4629-833D-A5F23B7666DF}.Debug|x86.ActiveCfg = Debug|Any CPU
		{EF509459-73F3-4629-833D-A5F23B7666DF}.Debug|x86.Build.0 = Debug|Any CPU
		{EF509459-73F3-4629-833D-A5F23B7666DF}.Release|Any CPU.ActiveCfg = Release|Any CPU
		{EF509459-73F3-4629-833D-A5F23B7666DF}.Release|Any CPU.Build.0 = Release|Any CPU
		{EF509459-73F3-4629-833D-A5F23B7666DF}.Release|ARM.ActiveCfg = Release|Any CPU
		{EF509459-73F3-4629-833D-A5F23B7666DF}.Release|ARM.Build.0 = Release|Any CPU
		{EF509459-73F3-4629-833D-A5F23B7666DF}.Release|ARM64.ActiveCfg = Release|Any CPU
		{EF509459-73F3-4629-833D-A5F23B7666DF}.Release|ARM64.Build.0 = Release|Any CPU
		{EF509459-73F3-4629-833D-A5F23B7666DF}.Release|x64.ActiveCfg = Release|Any CPU
		{EF509459-73F3-4629-833D-A5F23B7666DF}.Release|x64.Build.0 = Release|Any CPU
		{EF509459-73F3-4629-833D-A5F23B7666DF}.Release|x86.ActiveCfg = Release|Any CPU
		{EF509459-73F3-4629-833D-A5F23B7666DF}.Release|x86.Build.0 = Release|Any CPU
		{C5210F17-E22B-46F9-A39C-63EC060BB00F}.Debug|Any CPU.ActiveCfg = Debug|Any CPU
		{C5210F17-E22B-46F9-A39C-63EC060BB00F}.Debug|Any CPU.Build.0 = Debug|Any CPU
		{C5210F17-E22B-46F9-A39C-63EC060BB00F}.Debug|ARM.ActiveCfg = Debug|Any CPU
		{C5210F17-E22B-46F9-A39C-63EC060BB00F}.Debug|ARM.Build.0 = Debug|Any CPU
		{C5210F17-E22B-46F9-A39C-63EC060BB00F}.Debug|ARM64.ActiveCfg = Debug|Any CPU
		{C5210F17-E22B-46F9-A39C-63EC060BB00F}.Debug|ARM64.Build.0 = Debug|Any CPU
		{C5210F17-E22B-46F9-A39C-63EC060BB00F}.Debug|x64.ActiveCfg = Debug|Any CPU
		{C5210F17-E22B-46F9-A39C-63EC060BB00F}.Debug|x64.Build.0 = Debug|Any CPU
		{C5210F17-E22B-46F9-A39C-63EC060BB00F}.Debug|x86.ActiveCfg = Debug|Any CPU
		{C5210F17-E22B-46F9-A39C-63EC060BB00F}.Debug|x86.Build.0 = Debug|Any CPU
		{C5210F17-E22B-46F9-A39C-63EC060BB00F}.Release|Any CPU.ActiveCfg = Release|Any CPU
		{C5210F17-E22B-46F9-A39C-63EC060BB00F}.Release|Any CPU.Build.0 = Release|Any CPU
		{C5210F17-E22B-46F9-A39C-63EC060BB00F}.Release|ARM.ActiveCfg = Release|Any CPU
		{C5210F17-E22B-46F9-A39C-63EC060BB00F}.Release|ARM.Build.0 = Release|Any CPU
		{C5210F17-E22B-46F9-A39C-63EC060BB00F}.Release|ARM64.ActiveCfg = Release|Any CPU
		{C5210F17-E22B-46F9-A39C-63EC060BB00F}.Release|ARM64.Build.0 = Release|Any CPU
		{C5210F17-E22B-46F9-A39C-63EC060BB00F}.Release|x64.ActiveCfg = Release|Any CPU
		{C5210F17-E22B-46F9-A39C-63EC060BB00F}.Release|x64.Build.0 = Release|Any CPU
		{C5210F17-E22B-46F9-A39C-63EC060BB00F}.Release|x86.ActiveCfg = Release|Any CPU
		{C5210F17-E22B-46F9-A39C-63EC060BB00F}.Release|x86.Build.0 = Release|Any CPU
		{3F222866-05AB-4088-983E-340B8434715F}.Debug|Any CPU.ActiveCfg = Debug|Any CPU
		{3F222866-05AB-4088-983E-340B8434715F}.Debug|Any CPU.Build.0 = Debug|Any CPU
		{3F222866-05AB-4088-983E-340B8434715F}.Debug|ARM.ActiveCfg = Debug|Any CPU
		{3F222866-05AB-4088-983E-340B8434715F}.Debug|ARM.Build.0 = Debug|Any CPU
		{3F222866-05AB-4088-983E-340B8434715F}.Debug|ARM64.ActiveCfg = Debug|Any CPU
		{3F222866-05AB-4088-983E-340B8434715F}.Debug|ARM64.Build.0 = Debug|Any CPU
		{3F222866-05AB-4088-983E-340B8434715F}.Debug|x64.ActiveCfg = Debug|Any CPU
		{3F222866-05AB-4088-983E-340B8434715F}.Debug|x64.Build.0 = Debug|Any CPU
		{3F222866-05AB-4088-983E-340B8434715F}.Debug|x86.ActiveCfg = Debug|Any CPU
		{3F222866-05AB-4088-983E-340B8434715F}.Debug|x86.Build.0 = Debug|Any CPU
		{3F222866-05AB-4088-983E-340B8434715F}.Release|Any CPU.ActiveCfg = Release|Any CPU
		{3F222866-05AB-4088-983E-340B8434715F}.Release|Any CPU.Build.0 = Release|Any CPU
		{3F222866-05AB-4088-983E-340B8434715F}.Release|ARM.ActiveCfg = Release|Any CPU
		{3F222866-05AB-4088-983E-340B8434715F}.Release|ARM.Build.0 = Release|Any CPU
		{3F222866-05AB-4088-983E-340B8434715F}.Release|ARM64.ActiveCfg = Release|Any CPU
		{3F222866-05AB-4088-983E-340B8434715F}.Release|ARM64.Build.0 = Release|Any CPU
		{3F222866-05AB-4088-983E-340B8434715F}.Release|x64.ActiveCfg = Release|Any CPU
		{3F222866-05AB-4088-983E-340B8434715F}.Release|x64.Build.0 = Release|Any CPU
		{3F222866-05AB-4088-983E-340B8434715F}.Release|x86.ActiveCfg = Release|Any CPU
		{3F222866-05AB-4088-983E-340B8434715F}.Release|x86.Build.0 = Release|Any CPU
		{ABFB1AE0-3EAC-45DF-8EA8-79E1B0625DD0}.Debug|Any CPU.ActiveCfg = Debug|Any CPU
		{ABFB1AE0-3EAC-45DF-8EA8-79E1B0625DD0}.Debug|Any CPU.Build.0 = Debug|Any CPU
		{ABFB1AE0-3EAC-45DF-8EA8-79E1B0625DD0}.Debug|ARM.ActiveCfg = Debug|Any CPU
		{ABFB1AE0-3EAC-45DF-8EA8-79E1B0625DD0}.Debug|ARM.Build.0 = Debug|Any CPU
		{ABFB1AE0-3EAC-45DF-8EA8-79E1B0625DD0}.Debug|ARM64.ActiveCfg = Debug|Any CPU
		{ABFB1AE0-3EAC-45DF-8EA8-79E1B0625DD0}.Debug|ARM64.Build.0 = Debug|Any CPU
		{ABFB1AE0-3EAC-45DF-8EA8-79E1B0625DD0}.Debug|x64.ActiveCfg = Debug|Any CPU
		{ABFB1AE0-3EAC-45DF-8EA8-79E1B0625DD0}.Debug|x64.Build.0 = Debug|Any CPU
		{ABFB1AE0-3EAC-45DF-8EA8-79E1B0625DD0}.Debug|x86.ActiveCfg = Debug|Any CPU
		{ABFB1AE0-3EAC-45DF-8EA8-79E1B0625DD0}.Debug|x86.Build.0 = Debug|Any CPU
		{ABFB1AE0-3EAC-45DF-8EA8-79E1B0625DD0}.Release|Any CPU.ActiveCfg = Release|Any CPU
		{ABFB1AE0-3EAC-45DF-8EA8-79E1B0625DD0}.Release|Any CPU.Build.0 = Release|Any CPU
		{ABFB1AE0-3EAC-45DF-8EA8-79E1B0625DD0}.Release|ARM.ActiveCfg = Release|Any CPU
		{ABFB1AE0-3EAC-45DF-8EA8-79E1B0625DD0}.Release|ARM.Build.0 = Release|Any CPU
		{ABFB1AE0-3EAC-45DF-8EA8-79E1B0625DD0}.Release|ARM64.ActiveCfg = Release|Any CPU
		{ABFB1AE0-3EAC-45DF-8EA8-79E1B0625DD0}.Release|ARM64.Build.0 = Release|Any CPU
		{ABFB1AE0-3EAC-45DF-8EA8-79E1B0625DD0}.Release|x64.ActiveCfg = Release|Any CPU
		{ABFB1AE0-3EAC-45DF-8EA8-79E1B0625DD0}.Release|x64.Build.0 = Release|Any CPU
		{ABFB1AE0-3EAC-45DF-8EA8-79E1B0625DD0}.Release|x86.ActiveCfg = Release|Any CPU
		{ABFB1AE0-3EAC-45DF-8EA8-79E1B0625DD0}.Release|x86.Build.0 = Release|Any CPU
	EndGlobalSection
	GlobalSection(SolutionProperties) = preSolution
		HideSolutionNode = FALSE
	EndGlobalSection
	GlobalSection(NestedProjects) = preSolution
		{C5210F17-E22B-46F9-A39C-63EC060BB00F} = {3FF79F63-47EC-4290-8B75-345C6F713354}
		{3F222866-05AB-4088-983E-340B8434715F} = {3FF79F63-47EC-4290-8B75-345C6F713354}
	EndGlobalSection
	GlobalSection(ExtensibilityGlobals) = postSolution
		SolutionGuid = {DAF76A3F-C8E1-4CC1-8183-25D280A8F31C}
	EndGlobalSection
EndGlobal
